<?xml version="1.0" encoding="utf-8"?>
<Project ToolsVersion="4.0" xmlns="http://schemas.microsoft.com/developer/msbuild/2003">
  <ItemGroup>
    <Filter Include="Source Files">
      <UniqueIdentifier>{4FC737F1-C7A5-4376-A066-2A32D752A2FF}</UniqueIdentifier>
      <Extensions>cpp;c;cc;cxx;c++;cppm;ixx;def;odl;idl;hpj;bat;asm;asmx</Extensions>
    </Filter>
    <Filter Include="Header Files">
      <UniqueIdentifier>{93995380-89BD-4b04-88EB-625FBE52EBFB}</UniqueIdentifier>
      <Extensions>h;hh;hpp;hxx;h++;hm;inl;inc;ipp;xsd</Extensions>
    </Filter>
    <Filter Include="Resource Files">
      <UniqueIdentifier>{67DA6AB6-F800-4c08-8B7A-83BB121AAD01}</UniqueIdentifier>
      <Extensions>rc;ico;cur;bmp;dlg;rc2;rct;bin;rgs;gif;jpg;jpeg;jpe;resx;tiff;tif;png;wav;mfcribbon-ms</Extensions>
    </Filter>
  </ItemGroup>
  <ItemGroup>
    <ClInclude Include="framework.h">
      <Filter>Header Files</Filter>
    </ClInclude>
    <ClInclude Include="RE\Class\CActionFighterManager.h">
      <Filter>Header Files</Filter>
    </ClInclude>
    <ClInclude Include="RE\Class\OEBase.h">
      <Filter>Header Files</Filter>
    </ClInclude>
    <ClInclude Include="common.h">
      <Filter>Header Files</Filter>
    </ClInclude>
    <ClInclude Include="RE\Struct\vec.h">
      <Filter>Header Files</Filter>
    </ClInclude>
    <ClInclude Include="RE\Class\EntityBase.h">
      <Filter>Header Files</Filter>
    </ClInclude>
    <ClInclude Include="RE\Class\Entity.h">
      <Filter>Header Files</Filter>
    </ClInclude>
    <ClInclude Include="RE\Class\Fighter.h">
      <Filter>Header Files</Filter>
    </ClInclude>
    <ClInclude Include="LibraryExports\CActionFighterManager_Exports.h">
      <Filter>Header Files</Filter>
    </ClInclude>
    <ClInclude Include="defines.h">
      <Filter>Header Files</Filter>
    </ClInclude>
    <ClInclude Include="OEStatics.h">
      <Filter>Header Files</Filter>
    </ClInclude>
    <ClInclude Include="LibraryExports\OE_Exports.h">
      <Filter>Header Files</Filter>
    </ClInclude>
    <ClInclude Include="LibraryExports\Entity_Exports.h">
      <Filter>Header Files</Filter>
    </ClInclude>
    <ClInclude Include="RE\Struct\DisposeInfo.h">
      <Filter>Header Files</Filter>
    </ClInclude>
    <ClInclude Include="RE\Class\Motion\EntityMotion.h">
      <Filter>Header Files</Filter>
    </ClInclude>
    <ClInclude Include="RE\Class\Motion\UnkMotionClass1.h">
      <Filter>Header Files</Filter>
    </ClInclude>
    <ClInclude Include="RE\Class\Motion\HumanMotion.h">
      <Filter>Header Files</Filter>
    </ClInclude>
    <ClInclude Include="RE\Class\Human.h">
      <Filter>Header Files</Filter>
    </ClInclude>
    <ClInclude Include="RE\Class\RenderableEntity.h">
      <Filter>Header Files</Filter>
    </ClInclude>
    <ClInclude Include="LibraryExports\EntityMotion_Exports.h">
      <Filter>Header Files</Filter>
    </ClInclude>
    <ClInclude Include="LibraryExports\Human_Exports.h">
      <Filter>Header Files</Filter>
    </ClInclude>
    <ClInclude Include="LibraryExports\HumanMotion_Exports.h">
      <Filter>Header Files</Filter>
    </ClInclude>
    <ClInclude Include="PatternScan.h">
      <Filter>Header Files</Filter>
    </ClInclude>
    <ClInclude Include="MemoryMgr.h">
      <Filter>Header Files</Filter>
    </ClInclude>
    <ClInclude Include="RE\Class\CActInputDeviceManager.h">
      <Filter>Header Files</Filter>
    </ClInclude>
    <ClInclude Include="LibraryExports\CActInputManager_Exports.h">
      <Filter>Header Files</Filter>
    </ClInclude>
    <ClInclude Include="LibraryExports\Fighter_Exports.h">
      <Filter>Header Files</Filter>
    </ClInclude>
    <ClInclude Include="RE\Class\CInputDeviceListener.h">
      <Filter>Header Files</Filter>
    </ClInclude>
    <ClInclude Include="LibraryExports\CInputDeviceListener_Exports.h">
      <Filter>Header Files</Filter>
    </ClInclude>
    <ClInclude Include="RE\Class\CActionBase.h">
      <Filter>Header Files</Filter>
    </ClInclude>
    <ClInclude Include="RE\Class\OE.h">
      <Filter>Header Files</Filter>
    </ClInclude>
    <ClInclude Include="LibraryExports\FighterMode_Exports.h">
      <Filter>Header Files</Filter>
    </ClInclude>
    <ClInclude Include="RE\Class\FighterMode.h">
      <Filter>Header Files</Filter>
    </ClInclude>
    <ClInclude Include="RE\Struct\FighterBattleStatus.h">
      <Filter>Header Files</Filter>
    </ClInclude>
    <ClInclude Include="RE\Class\CActionReactorManager.h">
      <Filter>Header Files</Filter>
    </ClInclude>
    <ClInclude Include="LibraryExports\CActionReactorManager_Exports.h">
      <Filter>Header Files</Filter>
    </ClInclude>
    <ClInclude Include="RE\Class\CActionHActCHPManager.h">
      <Filter>Header Files</Filter>
    </ClInclude>
    <ClInclude Include="RE\Struct\matrix.h">
      <Filter>Header Files</Filter>
    </ClInclude>
    <ClInclude Include="LibraryExports\CActionHActCHPManager_Exports.h">
      <Filter>Header Files</Filter>
    </ClInclude>
    <ClInclude Include="RE\Class\CSequenceManager.h">
      <Filter>Header Files</Filter>
    </ClInclude>
    <ClInclude Include="LibraryExports\CSequenceManager_Exports.h">
      <Filter>Header Files</Filter>
    </ClInclude>
    <ClInclude Include="RE\Struct\MissionData.h">
      <Filter>Header Files</Filter>
    </ClInclude>
    <ClInclude Include="RE\Class\CActionManager.h">
      <Filter>Header Files</Filter>
    </ClInclude>
    <ClInclude Include="LibraryExports\CActionManager_Exports.h">
      <Filter>Header Files</Filter>
    </ClInclude>
    <ClInclude Include="RE\Class\CParticleManager.h">
      <Filter>Header Files</Filter>
    </ClInclude>
    <ClInclude Include="LibraryExports\CParticleManager_Exports.h">
      <Filter>Header Files</Filter>
    </ClInclude>
    <ClInclude Include="LibraryExports\Player_Exports.h">
      <Filter>Header Files</Filter>
    </ClInclude>
    <ClInclude Include="RE\Class\Player.h">
      <Filter>Header Files</Filter>
    </ClInclude>
    <ClInclude Include="RE\Class\CCameraBase.h">
      <Filter>Header Files</Filter>
    </ClInclude>
    <ClInclude Include="LibraryExports\CCameraBase_Exports.h">
      <Filter>Header Files</Filter>
    </ClInclude>
    <ClInclude Include="RE\Class\CActionCameraManager.h">
      <Filter>Header Files</Filter>
    </ClInclude>
    <ClInclude Include="LibraryExports\CActionCameraManager_Exports.h">
      <Filter>Header Files</Filter>
    </ClInclude>
    <ClInclude Include="RE\Class\Input.h">
      <Filter>Header Files</Filter>
    </ClInclude>
    <ClInclude Include="LibraryExports\Input_Exports.h">
      <Filter>Header Files</Filter>
    </ClInclude>
    <ClInclude Include="RE\Class\CActionCCCManager.h">
      <Filter>Header Files</Filter>
    </ClInclude>
  </ItemGroup>
  <ItemGroup>
    <ClCompile Include="dllmain.cpp">
      <Filter>Source Files</Filter>
    </ClCompile>
    <ClCompile Include="LibraryExports\Exports.cpp">
      <Filter>Source Files</Filter>
    </ClCompile>
    <ClCompile Include="RE\Class\CActionFighterManager.cpp">
      <Filter>Source Files</Filter>
    </ClCompile>
    <ClCompile Include="OEStatics.cpp">
      <Filter>Source Files</Filter>
    </ClCompile>
    <ClCompile Include="RE\Class\Entity.cpp">
      <Filter>Source Files</Filter>
    </ClCompile>
    <ClCompile Include="RE\Class\Motion\HumanMotion.cpp">
      <Filter>Source Files</Filter>
    </ClCompile>
    <ClCompile Include="RE\Class\CActInputDeviceManager.cpp">
      <Filter>Source Files</Filter>
    </ClCompile>
    <ClCompile Include="RE\Class\OE.cpp">
      <Filter>Source Files</Filter>
    </ClCompile>
    <ClCompile Include="RE\Class\FighterMode.cpp">
      <Filter>Source Files</Filter>
    </ClCompile>
    <ClCompile Include="RE\Class\CActionReactorManager.cpp">
      <Filter>Source Files</Filter>
    </ClCompile>
    <ClCompile Include="RE\Class\CParticleManager.cpp">
      <Filter>Source Files</Filter>
    </ClCompile>
    <ClCompile Include="RE\Class\Player.cpp">
      <Filter>Source Files</Filter>
    </ClCompile>
    <ClCompile Include="RE\Class\Input.cpp">
      <Filter>Source Files</Filter>
    </ClCompile>
    <ClCompile Include="RE\Class\Human.cpp">
      <Filter>Source Files</Filter>
    </ClCompile>
  </ItemGroup>
</Project>